
Microsoft Visual Studio Solution File, Format Version 12.00
# Visual Studio Version 17
VisualStudioVersion = 17.1.32414.318
MinimumVisualStudioVersion = 10.0.40219.1
Project("{9A19103F-16F7-4668-BE54-9A1E7A4F7556}") = "ChaiFoxes.FMODAudio.Demos.Desktop", "ChaiFoxes.FMODAudio.Demos.Desktop\ChaiFoxes.FMODAudio.Demos.Desktop.csproj", "{16CA3CCC-663F-40B2-B9C8-A910CE35C7A9}"
EndProject
Project("{9A19103F-16F7-4668-BE54-9A1E7A4F7556}") = "ChaiFoxes.FMODAudio.Demos.Android", "ChaiFoxes.FMODAudio.Demos.Android\ChaiFoxes.FMODAudio.Demos.Android.csproj", "{1AC29F42-1A31-4213-9C36-37FF51AE5B1B}"
EndProject
Project("{2150E333-8FDC-42A3-9474-1A3956D46DE8}") = "fmod", "fmod", "{F2AB0DE1-F671-431F-ACF2-1F68749AB21F}"
EndProject
Project("{9A19103F-16F7-4668-BE54-9A1E7A4F7556}") = "ChaiFoxes.FMODAudio.Desktop", "..\ChaiFoxes.FMODAudio\ChaiFoxes.FMODAudio.Desktop\ChaiFoxes.FMODAudio.Desktop.csproj", "{F712BF21-58F9-448C-BEF5-286CEC991EBB}"
EndProject
Project("{9A19103F-16F7-4668-BE54-9A1E7A4F7556}") = "ChaiFoxes.FMODAudio.Android", "..\ChaiFoxes.FMODAudio\ChaiFoxes.FMODAudio.Android\ChaiFoxes.FMODAudio.Android.csproj", "{08D5910F-1CA1-4A7E-A3F7-354FF1B03858}"
EndProject
Project("{2150E333-8FDC-42A3-9474-1A3956D46DE8}") = "Solution Items", "Solution Items", "{4AC19750-0192-466E-B5DB-D1391270E608}"
	ProjectSection(SolutionItems) = preProject
		..\.editorconfig = ..\.editorconfig
	EndProjectSection
EndProject
Project("{9A19103F-16F7-4668-BE54-9A1E7A4F7556}") = "ChaiFoxes.FMODAudio.Demos.Windows", "ChaiFoxes.FMODAudio.Demos.Windows\ChaiFoxes.FMODAudio.Demos.Windows.csproj", "{0144A105-BAD8-4EE2-9254-53A02643E360}"
EndProject
Project("{9A19103F-16F7-4668-BE54-9A1E7A4F7556}") = "ChaiFoxes.FMODAudio.Demos.Android.Bindings", "ChaiFoxes.FMODAudio.Demos.Android.Bindings\ChaiFoxes.FMODAudio.Demos.Android.Bindings.csproj", "{4B06ADDF-E4DC-4F8E-8A1A-0489BFC6A6B4}"
EndProject
Project("{9A19103F-16F7-4668-BE54-9A1E7A4F7556}") = "ChaiFoxes.FMODAudio.Demos", "ChaiFoxes.FMODAudio.Demos\ChaiFoxes.FMODAudio.Demos.csproj", "{4E4A0552-C1D8-480D-B429-4FC095CC6379}"
EndProject
Project("{FAE04EC0-301F-11D3-BF4B-00C04F79EFBC}") = "ChaiFoxes.FMODAudio", "..\ChaiFoxes.FMODAudio\ChaiFoxes.FMODAudio\ChaiFoxes.FMODAudio.csproj", "{31F3E88F-5C59-44FA-B63A-63BD39773AC5}"
EndProject
Global
	GlobalSection(SolutionConfigurationPlatforms) = preSolution
		Debug|Any CPU = Debug|Any CPU
		Debug|x86 = Debug|x86
		Release|Any CPU = Release|Any CPU
		Release|x86 = Release|x86
	EndGlobalSection
	GlobalSection(ProjectConfigurationPlatforms) = postSolution
		{16CA3CCC-663F-40B2-B9C8-A910CE35C7A9}.Debug|Any CPU.ActiveCfg = Debug|Any CPU
		{16CA3CCC-663F-40B2-B9C8-A910CE35C7A9}.Debug|Any CPU.Build.0 = Debug|Any CPU
		{16CA3CCC-663F-40B2-B9C8-A910CE35C7A9}.Debug|x86.ActiveCfg = Debug|Any CPU
		{16CA3CCC-663F-40B2-B9C8-A910CE35C7A9}.Debug|x86.Build.0 = Debug|Any CPU
		{16CA3CCC-663F-40B2-B9C8-A910CE35C7A9}.Release|Any CPU.ActiveCfg = Release|Any CPU
		{16CA3CCC-663F-40B2-B9C8-A910CE35C7A9}.Release|Any CPU.Build.0 = Release|Any CPU
		{16CA3CCC-663F-40B2-B9C8-A910CE35C7A9}.Release|x86.ActiveCfg = Release|Any CPU
		{16CA3CCC-663F-40B2-B9C8-A910CE35C7A9}.Release|x86.Build.0 = Release|Any CPU
		{1AC29F42-1A31-4213-9C36-37FF51AE5B1B}.Debug|Any CPU.ActiveCfg = Debug|Any CPU
		{1AC29F42-1A31-4213-9C36-37FF51AE5B1B}.Debug|Any CPU.Build.0 = Debug|Any CPU
		{1AC29F42-1A31-4213-9C36-37FF51AE5B1B}.Debug|Any CPU.Deploy.0 = Debug|Any CPU
		{1AC29F42-1A31-4213-9C36-37FF51AE5B1B}.Debug|x86.ActiveCfg = Debug|Any CPU
		{1AC29F42-1A31-4213-9C36-37FF51AE5B1B}.Debug|x86.Build.0 = Debug|Any CPU
		{1AC29F42-1A31-4213-9C36-37FF51AE5B1B}.Debug|x86.Deploy.0 = Debug|Any CPU
		{1AC29F42-1A31-4213-9C36-37FF51AE5B1B}.Release|Any CPU.ActiveCfg = Release|Any CPU
		{1AC29F42-1A31-4213-9C36-37FF51AE5B1B}.Release|Any CPU.Build.0 = Release|Any CPU
		{1AC29F42-1A31-4213-9C36-37FF51AE5B1B}.Release|Any CPU.Deploy.0 = Release|Any CPU
		{1AC29F42-1A31-4213-9C36-37FF51AE5B1B}.Release|x86.ActiveCfg = Release|Any CPU
		{1AC29F42-1A31-4213-9C36-37FF51AE5B1B}.Release|x86.Build.0 = Release|Any CPU
		{1AC29F42-1A31-4213-9C36-37FF51AE5B1B}.Release|x86.Deploy.0 = Release|Any CPU
		{F712BF21-58F9-448C-BEF5-286CEC991EBB}.Debug|Any CPU.ActiveCfg = Debug|Any CPU
		{F712BF21-58F9-448C-BEF5-286CEC991EBB}.Debug|Any CPU.Build.0 = Debug|Any CPU
		{F712BF21-58F9-448C-BEF5-286CEC991EBB}.Debug|x86.ActiveCfg = Debug|Any CPU
		{F712BF21-58F9-448C-BEF5-286CEC991EBB}.Debug|x86.Build.0 = Debug|Any CPU
		{F712BF21-58F9-448C-BEF5-286CEC991EBB}.Release|Any CPU.ActiveCfg = Release|Any CPU
		{F712BF21-58F9-448C-BEF5-286CEC991EBB}.Release|Any CPU.Build.0 = Release|Any CPU
		{F712BF21-58F9-448C-BEF5-286CEC991EBB}.Release|x86.ActiveCfg = Release|Any CPU
		{F712BF21-58F9-448C-BEF5-286CEC991EBB}.Release|x86.Build.0 = Release|Any CPU
		{08D5910F-1CA1-4A7E-A3F7-354FF1B03858}.Debug|Any CPU.ActiveCfg = Debug|Any CPU
		{08D5910F-1CA1-4A7E-A3F7-354FF1B03858}.Debug|Any CPU.Build.0 = Debug|Any CPU
		{08D5910F-1CA1-4A7E-A3F7-354FF1B03858}.Debug|x86.ActiveCfg = Debug|Any CPU
		{08D5910F-1CA1-4A7E-A3F7-354FF1B03858}.Debug|x86.Build.0 = Debug|Any CPU
		{08D5910F-1CA1-4A7E-A3F7-354FF1B03858}.Release|Any CPU.ActiveCfg = Release|Any CPU
		{08D5910F-1CA1-4A7E-A3F7-354FF1B03858}.Release|Any CPU.Build.0 = Release|Any CPU
		{08D5910F-1CA1-4A7E-A3F7-354FF1B03858}.Release|x86.ActiveCfg = Release|Any CPU
		{08D5910F-1CA1-4A7E-A3F7-354FF1B03858}.Release|x86.Build.0 = Release|Any CPU
		{0144A105-BAD8-4EE2-9254-53A02643E360}.Debug|Any CPU.ActiveCfg = Debug|Any CPU
		{0144A105-BAD8-4EE2-9254-53A02643E360}.Debug|Any CPU.Build.0 = Debug|Any CPU
		{0144A105-BAD8-4EE2-9254-53A02643E360}.Debug|x86.ActiveCfg = Debug|x86
		{0144A105-BAD8-4EE2-9254-53A02643E360}.Debug|x86.Build.0 = Debug|x86
		{0144A105-BAD8-4EE2-9254-53A02643E360}.Release|Any CPU.ActiveCfg = Release|Any CPU
		{0144A105-BAD8-4EE2-9254-53A02643E360}.Release|Any CPU.Build.0 = Release|Any CPU
		{0144A105-BAD8-4EE2-9254-53A02643E360}.Release|x86.ActiveCfg = Release|x86
		{0144A105-BAD8-4EE2-9254-53A02643E360}.Release|x86.Build.0 = Release|x86
		{4B06ADDF-E4DC-4F8E-8A1A-0489BFC6A6B4}.Debug|Any CPU.ActiveCfg = Debug|Any CPU
		{4B06ADDF-E4DC-4F8E-8A1A-0489BFC6A6B4}.Debug|Any CPU.Build.0 = Debug|Any CPU
		{4B06ADDF-E4DC-4F8E-8A1A-0489BFC6A6B4}.Debug|x86.ActiveCfg = Debug|Any CPU
		{4B06ADDF-E4DC-4F8E-8A1A-0489BFC6A6B4}.Debug|x86.Build.0 = Debug|Any CPU
		{4B06ADDF-E4DC-4F8E-8A1A-0489BFC6A6B4}.Release|Any CPU.ActiveCfg = Release|Any CPU
		{4B06ADDF-E4DC-4F8E-8A1A-0489BFC6A6B4}.Release|Any CPU.Build.0 = Release|Any CPU
		{4B06ADDF-E4DC-4F8E-8A1A-0489BFC6A6B4}.Release|x86.ActiveCfg = Release|Any CPU
		{4B06ADDF-E4DC-4F8E-8A1A-0489BFC6A6B4}.Release|x86.Build.0 = Release|Any CPU
		{4E4A0552-C1D8-480D-B429-4FC095CC6379}.Debug|Any CPU.ActiveCfg = Debug|Any CPU
		{4E4A0552-C1D8-480D-B429-4FC095CC6379}.Debug|Any CPU.Build.0 = Debug|Any CPU
		{4E4A0552-C1D8-480D-B429-4FC095CC6379}.Debug|x86.ActiveCfg = Debug|Any CPU
		{4E4A0552-C1D8-480D-B429-4FC095CC6379}.Debug|x86.Build.0 = Debug|Any CPU
		{4E4A0552-C1D8-480D-B429-4FC095CC6379}.Release|Any CPU.ActiveCfg = Release|Any CPU
		{4E4A0552-C1D8-480D-B429-4FC095CC6379}.Release|Any CPU.Build.0 = Release|Any CPU
		{4E4A0552-C1D8-480D-B429-4FC095CC6379}.Release|x86.ActiveCfg = Release|Any CPU
		{4E4A0552-C1D8-480D-B429-4FC095CC6379}.Release|x86.Build.0 = Release|Any CPU
		{31F3E88F-5C59-44FA-B63A-63BD39773AC5}.Debug|Any CPU.ActiveCfg = Debug|Any CPU
		{31F3E88F-5C59-44FA-B63A-63BD39773AC5}.Debug|Any CPU.Build.0 = Debug|Any CPU
		{31F3E88F-5C59-44FA-B63A-63BD39773AC5}.Debug|x86.ActiveCfg = Debug|Any CPU
		{31F3E88F-5C59-44FA-B63A-63BD39773AC5}.Debug|x86.Build.0 = Debug|Any CPU
		{31F3E88F-5C59-44FA-B63A-63BD39773AC5}.Release|Any CPU.ActiveCfg = Release|Any CPU
		{31F3E88F-5C59-44FA-B63A-63BD39773AC5}.Release|Any CPU.Build.0 = Release|Any CPU
		{31F3E88F-5C59-44FA-B63A-63BD39773AC5}.Release|x86.ActiveCfg = Release|Any CPU
		{31F3E88F-5C59-44FA-B63A-63BD39773AC5}.Release|x86.Build.0 = Release|Any CPU
	EndGlobalSection
	GlobalSection(SolutionProperties) = preSolution
		HideSolutionNode = FALSE
	EndGlobalSection
	GlobalSection(NestedProjects) = preSolution
		{F712BF21-58F9-448C-BEF5-286CEC991EBB} = {F2AB0DE1-F671-431F-ACF2-1F68749AB21F}
		{08D5910F-1CA1-4A7E-A3F7-354FF1B03858} = {F2AB0DE1-F671-431F-ACF2-1F68749AB21F}
		{31F3E88F-5C59-44FA-B63A-63BD39773AC5} = {F2AB0DE1-F671-431F-ACF2-1F68749AB21F}
	EndGlobalSection
	GlobalSection(ExtensibilityGlobals) = postSolution
		SolutionGuid = {A0E082C2-1837-4496-9124-1243364D2CFF}
	EndGlobalSection
EndGlobal
