
Microsoft Visual Studio Solution File, Format Version 12.00
# Visual Studio Version 16
VisualStudioVersion = 16.0.30002.166
MinimumVisualStudioVersion = 10.0.40219.1
Project("{FAE04EC0-301F-11D3-BF4B-00C04F79EFBC}") = "ChaiFoxes.FMODAudio.Demos.Desktop", "ChaiFoxes.FMODAudio.Demos.Desktop\ChaiFoxes.FMODAudio.Demos.Desktop.csproj", "{16CA3CCC-663F-40B2-B9C8-A910CE35C7A9}"
EndProject
Project("{FAE04EC0-301F-11D3-BF4B-00C04F79EFBC}") = "ChaiFoxes.FMODAudio.Demos.Android", "ChaiFoxes.FMODAudio.Demos.Android\ChaiFoxes.FMODAudio.Demos.Android.csproj", "{1AC29F42-1A31-4213-9C36-37FF51AE5B1B}"
EndProject
Project("{D954291E-2A0B-460D-934E-DC6B0785DB48}") = "ChaiFoxes.FMODAudio.Demos", "ChaiFoxes.FMODAudio.Demos\ChaiFoxes.FMODAudio.Demos.shproj", "{4FC7A6B9-6D95-4D0B-B748-3EDD39FC97DB}"
EndProject
Project("{2150E333-8FDC-42A3-9474-1A3956D46DE8}") = "fmod", "fmod", "{F2AB0DE1-F671-431F-ACF2-1F68749AB21F}"
EndProject
Project("{FAE04EC0-301F-11D3-BF4B-00C04F79EFBC}") = "ChaiFoxes.FMODAudio.Desktop", "..\ChaiFoxes.FMODAudio\ChaiFoxes.FMODAudio.Desktop\ChaiFoxes.FMODAudio.Desktop.csproj", "{F712BF21-58F9-448C-BEF5-286CEC991EBB}"
EndProject
Project("{FAE04EC0-301F-11D3-BF4B-00C04F79EFBC}") = "ChaiFoxes.FMODAudio.Android", "..\ChaiFoxes.FMODAudio\ChaiFoxes.FMODAudio.Android\ChaiFoxes.FMODAudio.Android.csproj", "{08D5910F-1CA1-4A7E-A3F7-354FF1B03858}"
EndProject
Project("{FAE04EC0-301F-11D3-BF4B-00C04F79EFBC}") = "ChaiFoxes.FMODAudio", "..\ChaiFoxes.FMODAudio\ChaiFoxes.FMODAudio\ChaiFoxes.FMODAudio.csproj", "{0BD3FAEE-2EB9-4B28-8CC0-D22B6B3C5A43}"
EndProject
Global
	GlobalSection(SharedMSBuildProjectFiles) = preSolution
		ChaiFoxes.FMODAudio.Demos\ChaiFoxes.FMODAudio.Demos.projitems*{16ca3ccc-663f-40b2-b9c8-a910ce35c7a9}*SharedItemsImports = 4
		ChaiFoxes.FMODAudio.Demos\ChaiFoxes.FMODAudio.Demos.projitems*{1ac29f42-1a31-4213-9c36-37ff51ae5b1b}*SharedItemsImports = 4
		ChaiFoxes.FMODAudio.Demos\ChaiFoxes.FMODAudio.Demos.projitems*{4fc7a6b9-6d95-4d0b-b748-3edd39fc97db}*SharedItemsImports = 13
	EndGlobalSection
	GlobalSection(SolutionConfigurationPlatforms) = preSolution
		Debug|Any CPU = Debug|Any CPU
		Release|Any CPU = Release|Any CPU
	EndGlobalSection
	GlobalSection(ProjectConfigurationPlatforms) = postSolution
		{16CA3CCC-663F-40B2-B9C8-A910CE35C7A9}.Debug|Any CPU.ActiveCfg = Debug|Any CPU
		{16CA3CCC-663F-40B2-B9C8-A910CE35C7A9}.Debug|Any CPU.Build.0 = Debug|Any CPU
		{16CA3CCC-663F-40B2-B9C8-A910CE35C7A9}.Release|Any CPU.ActiveCfg = Release|Any CPU
		{16CA3CCC-663F-40B2-B9C8-A910CE35C7A9}.Release|Any CPU.Build.0 = Release|Any CPU
		{1AC29F42-1A31-4213-9C36-37FF51AE5B1B}.Debug|Any CPU.ActiveCfg = Debug|Any CPU
		{1AC29F42-1A31-4213-9C36-37FF51AE5B1B}.Debug|Any CPU.Build.0 = Debug|Any CPU
		{1AC29F42-1A31-4213-9C36-37FF51AE5B1B}.Debug|Any CPU.Deploy.0 = Debug|Any CPU
		{1AC29F42-1A31-4213-9C36-37FF51AE5B1B}.Release|Any CPU.ActiveCfg = Release|Any CPU
		{1AC29F42-1A31-4213-9C36-37FF51AE5B1B}.Release|Any CPU.Build.0 = Release|Any CPU
		{1AC29F42-1A31-4213-9C36-37FF51AE5B1B}.Release|Any CPU.Deploy.0 = Release|Any CPU
		{F712BF21-58F9-448C-BEF5-286CEC991EBB}.Debug|Any CPU.ActiveCfg = Debug|Any CPU
		{F712BF21-58F9-448C-BEF5-286CEC991EBB}.Debug|Any CPU.Build.0 = Debug|Any CPU
		{F712BF21-58F9-448C-BEF5-286CEC991EBB}.Release|Any CPU.ActiveCfg = Release|Any CPU
		{F712BF21-58F9-448C-BEF5-286CEC991EBB}.Release|Any CPU.Build.0 = Release|Any CPU
		{08D5910F-1CA1-4A7E-A3F7-354FF1B03858}.Debug|Any CPU.ActiveCfg = Debug|Any CPU
		{08D5910F-1CA1-4A7E-A3F7-354FF1B03858}.Debug|Any CPU.Build.0 = Debug|Any CPU
		{08D5910F-1CA1-4A7E-A3F7-354FF1B03858}.Release|Any CPU.ActiveCfg = Release|Any CPU
		{08D5910F-1CA1-4A7E-A3F7-354FF1B03858}.Release|Any CPU.Build.0 = Release|Any CPU
		{0BD3FAEE-2EB9-4B28-8CC0-D22B6B3C5A43}.Debug|Any CPU.ActiveCfg = Debug|Any CPU
		{0BD3FAEE-2EB9-4B28-8CC0-D22B6B3C5A43}.Debug|Any CPU.Build.0 = Debug|Any CPU
		{0BD3FAEE-2EB9-4B28-8CC0-D22B6B3C5A43}.Release|Any CPU.ActiveCfg = Release|Any CPU
		{0BD3FAEE-2EB9-4B28-8CC0-D22B6B3C5A43}.Release|Any CPU.Build.0 = Release|Any CPU
	EndGlobalSection
	GlobalSection(SolutionProperties) = preSolution
		HideSolutionNode = FALSE
	EndGlobalSection
	GlobalSection(NestedProjects) = preSolution
		{F712BF21-58F9-448C-BEF5-286CEC991EBB} = {F2AB0DE1-F671-431F-ACF2-1F68749AB21F}
		{08D5910F-1CA1-4A7E-A3F7-354FF1B03858} = {F2AB0DE1-F671-431F-ACF2-1F68749AB21F}
	EndGlobalSection
	GlobalSection(ExtensibilityGlobals) = postSolution
		SolutionGuid = {A0E082C2-1837-4496-9124-1243364D2CFF}
	EndGlobalSection
EndGlobal
