
Microsoft Visual Studio Solution File, Format Version 12.00
# Visual Studio 15
VisualStudioVersion = 15.0.28307.572
MinimumVisualStudioVersion = 10.0.40219.1
Project("{FAE04EC0-301F-11D3-BF4B-00C04F79EFBC}") = "ChaiFoxes.FMODAudio.Desktop", "ChaiFoxes.FMODAudio.Desktop\ChaiFoxes.FMODAudio.Desktop.csproj", "{F712BF21-58F9-448C-BEF5-286CEC991EBB}"
EndProject
Project("{D954291E-2A0B-460D-934E-DC6B0785DB48}") = "ChaiFoxes.FMODAudio", "ChaiFoxes.FMODAudio\ChaiFoxes.FMODAudio.shproj", "{8D82E21D-B9EE-438B-A2CE-7B801BF712EA}"
EndProject
Project("{FAE04EC0-301F-11D3-BF4B-00C04F79EFBC}") = "ChaiFoxes.FMODAudio.Android", "ChaiFoxes.FMODAudio.Android\ChaiFoxes.FMODAudio.Android.csproj", "{08D5910F-1CA1-4A7E-A3F7-354FF1B03858}"
EndProject
Project("{FAE04EC0-301F-11D3-BF4B-00C04F79EFBC}") = "ChaiFoxes.FMODAudio.Android.Bindings", "ChaiFoxes.FMODAudio.Android.Bindings\ChaiFoxes.FMODAudio.Android.Bindings.csproj", "{2546D47C-EEA5-41D3-8906-B28A3B819889}"
EndProject
Global
	GlobalSection(SharedMSBuildProjectFiles) = preSolution
		ChaiFoxes.FMODAudio\ChaiFoxes.FMOD.projitems*{08d5910f-1ca1-4a7e-a3f7-354ff1b03858}*SharedItemsImports = 4
		ChaiFoxes.FMODAudio\ChaiFoxes.FMOD.projitems*{8d82e21d-b9ee-438b-a2ce-7b801bf712ea}*SharedItemsImports = 13
		ChaiFoxes.FMODAudio\ChaiFoxes.FMOD.projitems*{f712bf21-58f9-448c-bef5-286cec991ebb}*SharedItemsImports = 4
	EndGlobalSection
	GlobalSection(SolutionConfigurationPlatforms) = preSolution
		Debug|Android = Debug|Android
		Debug|Any CPU = Debug|Any CPU
		Release|Android = Release|Android
		Release|Any CPU = Release|Any CPU
	EndGlobalSection
	GlobalSection(ProjectConfigurationPlatforms) = postSolution
		{F712BF21-58F9-448C-BEF5-286CEC991EBB}.Debug|Android.ActiveCfg = Debug|Any CPU
		{F712BF21-58F9-448C-BEF5-286CEC991EBB}.Debug|Android.Build.0 = Debug|Any CPU
		{F712BF21-58F9-448C-BEF5-286CEC991EBB}.Debug|Any CPU.ActiveCfg = Debug|Any CPU
		{F712BF21-58F9-448C-BEF5-286CEC991EBB}.Debug|Any CPU.Build.0 = Debug|Any CPU
		{F712BF21-58F9-448C-BEF5-286CEC991EBB}.Release|Android.ActiveCfg = Release|Any CPU
		{F712BF21-58F9-448C-BEF5-286CEC991EBB}.Release|Android.Build.0 = Release|Any CPU
		{F712BF21-58F9-448C-BEF5-286CEC991EBB}.Release|Any CPU.ActiveCfg = Release|Any CPU
		{F712BF21-58F9-448C-BEF5-286CEC991EBB}.Release|Any CPU.Build.0 = Release|Any CPU
		{08D5910F-1CA1-4A7E-A3F7-354FF1B03858}.Debug|Android.ActiveCfg = Debug|Any CPU
		{08D5910F-1CA1-4A7E-A3F7-354FF1B03858}.Debug|Android.Build.0 = Debug|Any CPU
		{08D5910F-1CA1-4A7E-A3F7-354FF1B03858}.Debug|Any CPU.ActiveCfg = Debug|Any CPU
		{08D5910F-1CA1-4A7E-A3F7-354FF1B03858}.Debug|Any CPU.Build.0 = Debug|Any CPU
		{08D5910F-1CA1-4A7E-A3F7-354FF1B03858}.Release|Android.ActiveCfg = Release|Any CPU
		{08D5910F-1CA1-4A7E-A3F7-354FF1B03858}.Release|Android.Build.0 = Release|Any CPU
		{08D5910F-1CA1-4A7E-A3F7-354FF1B03858}.Release|Any CPU.ActiveCfg = Release|Any CPU
		{08D5910F-1CA1-4A7E-A3F7-354FF1B03858}.Release|Any CPU.Build.0 = Release|Any CPU
		{2546D47C-EEA5-41D3-8906-B28A3B819889}.Debug|Android.ActiveCfg = Debug|Any CPU
		{2546D47C-EEA5-41D3-8906-B28A3B819889}.Debug|Android.Build.0 = Debug|Any CPU
		{2546D47C-EEA5-41D3-8906-B28A3B819889}.Debug|Any CPU.ActiveCfg = Debug|Any CPU
		{2546D47C-EEA5-41D3-8906-B28A3B819889}.Debug|Any CPU.Build.0 = Debug|Any CPU
		{2546D47C-EEA5-41D3-8906-B28A3B819889}.Release|Android.ActiveCfg = Release|Any CPU
		{2546D47C-EEA5-41D3-8906-B28A3B819889}.Release|Android.Build.0 = Release|Any CPU
		{2546D47C-EEA5-41D3-8906-B28A3B819889}.Release|Any CPU.ActiveCfg = Release|Any CPU
		{2546D47C-EEA5-41D3-8906-B28A3B819889}.Release|Any CPU.Build.0 = Release|Any CPU
	EndGlobalSection
	GlobalSection(SolutionProperties) = preSolution
		HideSolutionNode = FALSE
	EndGlobalSection
	GlobalSection(ExtensibilityGlobals) = postSolution
		SolutionGuid = {C1449CB6-F69A-4E69-B2F4-F63A0D4D25CC}
	EndGlobalSection
EndGlobal
