
Microsoft Visual Studio Solution File, Format Version 12.00
# Visual Studio 15
VisualStudioVersion = 15.0.28307.572
MinimumVisualStudioVersion = 10.0.40219.1
Project("{FAE04EC0-301F-11D3-BF4B-00C04F79EFBC}") = "ChaiFoxes.FMODAudio.Demos.Desktop", "ChaiFoxes.FMODAudio.Demos.Desktop\ChaiFoxes.FMODAudio.Demos.Desktop.csproj", "{16CA3CCC-663F-40B2-B9C8-A910CE35C7A9}"
EndProject
Global
	GlobalSection(SolutionConfigurationPlatforms) = preSolution
		Debug|Any CPU = Debug|Any CPU
		Release|Any CPU = Release|Any CPU
	EndGlobalSection
	GlobalSection(ProjectConfigurationPlatforms) = postSolution
		{16CA3CCC-663F-40B2-B9C8-A910CE35C7A9}.Debug|Any CPU.ActiveCfg = Debug|Any CPU
		{16CA3CCC-663F-40B2-B9C8-A910CE35C7A9}.Debug|Any CPU.Build.0 = Debug|Any CPU
		{16CA3CCC-663F-40B2-B9C8-A910CE35C7A9}.Release|Any CPU.ActiveCfg = Release|Any CPU
		{16CA3CCC-663F-40B2-B9C8-A910CE35C7A9}.Release|Any CPU.Build.0 = Release|Any CPU
	EndGlobalSection
	GlobalSection(SolutionProperties) = preSolution
		HideSolutionNode = FALSE
	EndGlobalSection
	GlobalSection(ExtensibilityGlobals) = postSolution
		SolutionGuid = {A0E082C2-1837-4496-9124-1243364D2CFF}
	EndGlobalSection
EndGlobal
